# This file is autogenerated, do not edit; changes may be undone by the next 'dep ensure'.


[[projects]]
  branch = "master"
  digest = "1:5d652dca08a70e7aa5cc421f7922e3929c4b730936a203183175f3f0cd8f4af1"
  name = "github.com/keybase/go-crypto"
  packages = [
    "pkcs12",
    "pkcs12/internal/rc2",
    "rsa",
  ]
  pruneopts = "UT"
  revision = "a054578053044161085030449d77f6ceee2cc31a"

[solve-meta]
  analyzer-name = "dep"
  analyzer-version = 1
  input-imports = [
    "github.com/keybase/go-crypto/pkcs12",
    "github.com/keybase/go-crypto/rsa",
  ]
  solver-name = "gps-cdcl"
  solver-version = 1
